
Microsoft Visual Studio Solution File, Format Version 12.00
# Visual Studio Version 17
VisualStudioVersion = 17.4.33103.184
MinimumVisualStudioVersion = 10.0.40219.1
Project("{9A19103F-16F7-4668-BE54-9A1E7A4F7556}") = "UsersAPI.Services", "UsersAPI.Services\UsersAPI.Services.csproj", "{589F7079-D285-44C6-8A6B-5749F9E8996C}"
EndProject
Project("{2150E333-8FDC-42A3-9474-1A3956D46DE8}") = "API", "API", "{3007C95E-0A8E-42FD-9739-74967ECCAE71}"
EndProject
Project("{2150E333-8FDC-42A3-9474-1A3956D46DE8}") = "DDD", "DDD", "{810E6581-96E9-4647-814E-630439FC5D29}"
EndProject
Project("{2150E333-8FDC-42A3-9474-1A3956D46DE8}") = "Testes", "Testes", "{108D483F-1E1A-4BF9-ABC2-10A1F9579338}"
EndProject
Project("{2150E333-8FDC-42A3-9474-1A3956D46DE8}") = "Application", "Application", "{1AE8E242-A515-4715-8147-15DDAB505F8D}"
EndProject
Project("{2150E333-8FDC-42A3-9474-1A3956D46DE8}") = "Domain", "Domain", "{82863767-8C10-488A-9926-080208227B1F}"
EndProject
Project("{2150E333-8FDC-42A3-9474-1A3956D46DE8}") = "InfraStructure", "InfraStructure", "{9659A8E7-0090-489F-ACFA-66347D999AE5}"
EndProject
Project("{9A19103F-16F7-4668-BE54-9A1E7A4F7556}") = "UsersAPI.Application", "UsersAPI.Application\UsersAPI.Application.csproj", "{9BCD941F-49A4-4BC4-B863-ADDB28102BEA}"
EndProject
Project("{9A19103F-16F7-4668-BE54-9A1E7A4F7556}") = "UsersAPI.Domain", "UsersAPi.Domain\UsersAPI.Domain.csproj", "{C3C873EC-EDC4-497F-8B47-52659870F52F}"
EndProject
Project("{9A19103F-16F7-4668-BE54-9A1E7A4F7556}") = "UsersAPI.Infra.Data", "UsersAPI.InfraStructure\UsersAPI.Infra.Data.csproj", "{8DEE7338-21F0-4543-AFDD-4D34BEACF3FB}"
EndProject
Project("{9A19103F-16F7-4668-BE54-9A1E7A4F7556}") = "UsersAPI.Tests", "UsersAPI.Tests\UsersAPI.Tests.csproj", "{F8F1726A-A5C5-4483-9F08-7969AC123040}"
EndProject
Project("{9A19103F-16F7-4668-BE54-9A1E7A4F7556}") = "UsersAPI.Infra.IoC", "UsersAPI.Infra.IoC\UsersAPI.Infra.IoC.csproj", "{A3C09C1C-20AD-4158-8AAB-89AF3CEBC49B}"
EndProject
Project("{9A19103F-16F7-4668-BE54-9A1E7A4F7556}") = "UsersAPI.Infra.Messages", "UsersAPI.Infra.Messages\UsersAPI.Infra.Messages.csproj", "{009D8FFF-7B20-4017-AD27-800148B032DB}"
EndProject
Project("{FAE04EC0-301F-11D3-BF4B-00C04F79EFBC}") = "UsersAPI.Infra.Security", "UsersAPI.Infra.Security\UsersAPI.Infra.Security.csproj", "{0723AEDC-9594-4A84-A25C-1BE20E0C9D16}"
EndProject
Global
	GlobalSection(SolutionConfigurationPlatforms) = preSolution
		Debug|Any CPU = Debug|Any CPU
		Release|Any CPU = Release|Any CPU
	EndGlobalSection
	GlobalSection(ProjectConfigurationPlatforms) = postSolution
		{589F7079-D285-44C6-8A6B-5749F9E8996C}.Debug|Any CPU.ActiveCfg = Debug|Any CPU
		{589F7079-D285-44C6-8A6B-5749F9E8996C}.Debug|Any CPU.Build.0 = Debug|Any CPU
		{589F7079-D285-44C6-8A6B-5749F9E8996C}.Release|Any CPU.ActiveCfg = Release|Any CPU
		{589F7079-D285-44C6-8A6B-5749F9E8996C}.Release|Any CPU.Build.0 = Release|Any CPU
		{9BCD941F-49A4-4BC4-B863-ADDB28102BEA}.Debug|Any CPU.ActiveCfg = Debug|Any CPU
		{9BCD941F-49A4-4BC4-B863-ADDB28102BEA}.Debug|Any CPU.Build.0 = Debug|Any CPU
		{9BCD941F-49A4-4BC4-B863-ADDB28102BEA}.Release|Any CPU.ActiveCfg = Release|Any CPU
		{9BCD941F-49A4-4BC4-B863-ADDB28102BEA}.Release|Any CPU.Build.0 = Release|Any CPU
		{C3C873EC-EDC4-497F-8B47-52659870F52F}.Debug|Any CPU.ActiveCfg = Debug|Any CPU
		{C3C873EC-EDC4-497F-8B47-52659870F52F}.Debug|Any CPU.Build.0 = Debug|Any CPU
		{C3C873EC-EDC4-497F-8B47-52659870F52F}.Release|Any CPU.ActiveCfg = Release|Any CPU
		{C3C873EC-EDC4-497F-8B47-52659870F52F}.Release|Any CPU.Build.0 = Release|Any CPU
		{8DEE7338-21F0-4543-AFDD-4D34BEACF3FB}.Debug|Any CPU.ActiveCfg = Debug|Any CPU
		{8DEE7338-21F0-4543-AFDD-4D34BEACF3FB}.Debug|Any CPU.Build.0 = Debug|Any CPU
		{8DEE7338-21F0-4543-AFDD-4D34BEACF3FB}.Release|Any CPU.ActiveCfg = Release|Any CPU
		{8DEE7338-21F0-4543-AFDD-4D34BEACF3FB}.Release|Any CPU.Build.0 = Release|Any CPU
		{F8F1726A-A5C5-4483-9F08-7969AC123040}.Debug|Any CPU.ActiveCfg = Debug|Any CPU
		{F8F1726A-A5C5-4483-9F08-7969AC123040}.Debug|Any CPU.Build.0 = Debug|Any CPU
		{F8F1726A-A5C5-4483-9F08-7969AC123040}.Release|Any CPU.ActiveCfg = Release|Any CPU
		{F8F1726A-A5C5-4483-9F08-7969AC123040}.Release|Any CPU.Build.0 = Release|Any CPU
		{A3C09C1C-20AD-4158-8AAB-89AF3CEBC49B}.Debug|Any CPU.ActiveCfg = Debug|Any CPU
		{A3C09C1C-20AD-4158-8AAB-89AF3CEBC49B}.Debug|Any CPU.Build.0 = Debug|Any CPU
		{A3C09C1C-20AD-4158-8AAB-89AF3CEBC49B}.Release|Any CPU.ActiveCfg = Release|Any CPU
		{A3C09C1C-20AD-4158-8AAB-89AF3CEBC49B}.Release|Any CPU.Build.0 = Release|Any CPU
		{009D8FFF-7B20-4017-AD27-800148B032DB}.Debug|Any CPU.ActiveCfg = Debug|Any CPU
		{009D8FFF-7B20-4017-AD27-800148B032DB}.Debug|Any CPU.Build.0 = Debug|Any CPU
		{009D8FFF-7B20-4017-AD27-800148B032DB}.Release|Any CPU.ActiveCfg = Release|Any CPU
		{009D8FFF-7B20-4017-AD27-800148B032DB}.Release|Any CPU.Build.0 = Release|Any CPU
		{0723AEDC-9594-4A84-A25C-1BE20E0C9D16}.Debug|Any CPU.ActiveCfg = Debug|Any CPU
		{0723AEDC-9594-4A84-A25C-1BE20E0C9D16}.Debug|Any CPU.Build.0 = Debug|Any CPU
		{0723AEDC-9594-4A84-A25C-1BE20E0C9D16}.Release|Any CPU.ActiveCfg = Release|Any CPU
		{0723AEDC-9594-4A84-A25C-1BE20E0C9D16}.Release|Any CPU.Build.0 = Release|Any CPU
	EndGlobalSection
	GlobalSection(SolutionProperties) = preSolution
		HideSolutionNode = FALSE
	EndGlobalSection
	GlobalSection(NestedProjects) = preSolution
		{589F7079-D285-44C6-8A6B-5749F9E8996C} = {3007C95E-0A8E-42FD-9739-74967ECCAE71}
		{1AE8E242-A515-4715-8147-15DDAB505F8D} = {810E6581-96E9-4647-814E-630439FC5D29}
		{82863767-8C10-488A-9926-080208227B1F} = {810E6581-96E9-4647-814E-630439FC5D29}
		{9659A8E7-0090-489F-ACFA-66347D999AE5} = {810E6581-96E9-4647-814E-630439FC5D29}
		{9BCD941F-49A4-4BC4-B863-ADDB28102BEA} = {1AE8E242-A515-4715-8147-15DDAB505F8D}
		{C3C873EC-EDC4-497F-8B47-52659870F52F} = {82863767-8C10-488A-9926-080208227B1F}
		{8DEE7338-21F0-4543-AFDD-4D34BEACF3FB} = {9659A8E7-0090-489F-ACFA-66347D999AE5}
		{F8F1726A-A5C5-4483-9F08-7969AC123040} = {108D483F-1E1A-4BF9-ABC2-10A1F9579338}
		{A3C09C1C-20AD-4158-8AAB-89AF3CEBC49B} = {9659A8E7-0090-489F-ACFA-66347D999AE5}
		{009D8FFF-7B20-4017-AD27-800148B032DB} = {9659A8E7-0090-489F-ACFA-66347D999AE5}
		{0723AEDC-9594-4A84-A25C-1BE20E0C9D16} = {9659A8E7-0090-489F-ACFA-66347D999AE5}
	EndGlobalSection
	GlobalSection(ExtensibilityGlobals) = postSolution
		SolutionGuid = {6BB34D19-F479-4B02-9632-26B97D3A83EA}
	EndGlobalSection
EndGlobal
